<Solution>
  <Folder Name="/src/">
    <Project Path="src/OrderManagement.Application/OrderManagement.Application.csproj" />
    <Project Path="src/OrderManagement.Domain/OrderManagement.Domain.csproj" />
    <Project Path="src/OrderManagement.Infrastructure/OrderManagement.Infrastructure.csproj" />
    <Project Path="src/OrderManagement.McpServer/OrderManagement.McpServer.csproj" Id="065f644d-7c1c-4d9a-8b71-75c3ae700ee0">
      <Build Solution="Debug|*" Project="false" />
    </Project>
    <Project Path="src/OrderManagement.WebAPI/OrderManagement.WebAPI.csproj" />
  </Folder>
  <Folder Name="/tests/">
    <Project Path="tests/MyMcpServer/MyMcpServer.csproj" Id="1d449130-70b4-41ff-abaa-84d56b0093ba" />
    <Project Path="tests/OrderManagement.McpServer.Tests/OrderManagement.McpServer.Tests.csproj" Id="75ce6abb-c4bd-42ee-8735-c13dc28cca5e" />
  </Folder>
</Solution>
